
Microsoft Visual Studio Solution File, Format Version 12.00
# Visual Studio Version 16
VisualStudioVersion = 16.0.31613.86
MinimumVisualStudioVersion = 10.0.40219.1
Project("{9A19103F-16F7-4668-BE54-9A1E7A4F7556}") = "TargetStore", "TargetStore\TargetStore.csproj", "{15EDBCE2-D67B-43A3-991F-78AFD26939CD}"
EndProject
Project("{FAE04EC0-301F-11D3-BF4B-00C04F79EFBC}") = "TargetStoreDbContext", "TargetStoreDbContext\TargetStoreDbContext.csproj", "{69C3BDF2-9353-4367-9322-DC36F3325864}"
EndProject
Project("{FAE04EC0-301F-11D3-BF4B-00C04F79EFBC}") = "TargetStoreBusinessLayer", "TargetStoreBusinessLayer\TargetStoreBusinessLayer.csproj", "{A0A425DC-E362-4DEF-84E5-B85F3059EA36}"
EndProject
Project("{FAE04EC0-301F-11D3-BF4B-00C04F79EFBC}") = "TargetStore.Tests", "TargetStore.Tests\TargetStore.Tests.csproj", "{9CE48A8B-3DE0-4565-B32E-33DFBACFAE44}"
EndProject
Project("{FAE04EC0-301F-11D3-BF4B-00C04F79EFBC}") = "ModelsLayer", "ModelsLayer\ModelsLayer.csproj", "{07A6B2C2-0FA2-437C-ADA9-5639721477A1}"
EndProject
Global
	GlobalSection(SolutionConfigurationPlatforms) = preSolution
		Debug|Any CPU = Debug|Any CPU
		Release|Any CPU = Release|Any CPU
	EndGlobalSection
	GlobalSection(ProjectConfigurationPlatforms) = postSolution
		{15EDBCE2-D67B-43A3-991F-78AFD26939CD}.Debug|Any CPU.ActiveCfg = Debug|Any CPU
		{15EDBCE2-D67B-43A3-991F-78AFD26939CD}.Debug|Any CPU.Build.0 = Debug|Any CPU
		{15EDBCE2-D67B-43A3-991F-78AFD26939CD}.Release|Any CPU.ActiveCfg = Release|Any CPU
		{15EDBCE2-D67B-43A3-991F-78AFD26939CD}.Release|Any CPU.Build.0 = Release|Any CPU
		{69C3BDF2-9353-4367-9322-DC36F3325864}.Debug|Any CPU.ActiveCfg = Debug|Any CPU
		{69C3BDF2-9353-4367-9322-DC36F3325864}.Debug|Any CPU.Build.0 = Debug|Any CPU
		{69C3BDF2-9353-4367-9322-DC36F3325864}.Release|Any CPU.ActiveCfg = Release|Any CPU
		{69C3BDF2-9353-4367-9322-DC36F3325864}.Release|Any CPU.Build.0 = Release|Any CPU
		{A0A425DC-E362-4DEF-84E5-B85F3059EA36}.Debug|Any CPU.ActiveCfg = Debug|Any CPU
		{A0A425DC-E362-4DEF-84E5-B85F3059EA36}.Debug|Any CPU.Build.0 = Debug|Any CPU
		{A0A425DC-E362-4DEF-84E5-B85F3059EA36}.Release|Any CPU.ActiveCfg = Release|Any CPU
		{A0A425DC-E362-4DEF-84E5-B85F3059EA36}.Release|Any CPU.Build.0 = Release|Any CPU
		{9CE48A8B-3DE0-4565-B32E-33DFBACFAE44}.Debug|Any CPU.ActiveCfg = Debug|Any CPU
		{9CE48A8B-3DE0-4565-B32E-33DFBACFAE44}.Debug|Any CPU.Build.0 = Debug|Any CPU
		{9CE48A8B-3DE0-4565-B32E-33DFBACFAE44}.Release|Any CPU.ActiveCfg = Release|Any CPU
		{9CE48A8B-3DE0-4565-B32E-33DFBACFAE44}.Release|Any CPU.Build.0 = Release|Any CPU
		{07A6B2C2-0FA2-437C-ADA9-5639721477A1}.Debug|Any CPU.ActiveCfg = Debug|Any CPU
		{07A6B2C2-0FA2-437C-ADA9-5639721477A1}.Debug|Any CPU.Build.0 = Debug|Any CPU
		{07A6B2C2-0FA2-437C-ADA9-5639721477A1}.Release|Any CPU.ActiveCfg = Release|Any CPU
		{07A6B2C2-0FA2-437C-ADA9-5639721477A1}.Release|Any CPU.Build.0 = Release|Any CPU
	EndGlobalSection
	GlobalSection(SolutionProperties) = preSolution
		HideSolutionNode = FALSE
	EndGlobalSection
	GlobalSection(ExtensibilityGlobals) = postSolution
		SolutionGuid = {E94F2117-F81E-4EFB-A79A-8889CF8C6357}
	EndGlobalSection
EndGlobal
